{
  "meteor": {
    "git": "https://github.com/meteor/meteor.git",
    "branch": "master",
    "commit": "4d98d8cb4e5a95e9e98953f44c872c9332a042a3"
  },
  "dependencies": {
    "basePackages": {
      "jade-handlebars": {},
      "blade": {},
      "router": {},
      "headly": {}
    },
    "packages": {
      "jade-handlebars": {
        "git": "https://github.com/SimonDegraeve/meteor-jade-handlebars.git",
        "tag": "v0.2.2",
        "commit": "e5ea451cc554748f1a0050219ac66e3a1bb204fc"
      },
      "blade": {
        "git": "https://github.com/bminer/node-blade.git",
        "tag": "v3.0.0beta7",
        "commit": "8efd128495b17191215a7b2c1837848ea1511b44"
      },
      "router": {
        "git": "https://github.com/tmeasday/meteor-router.git",
        "tag": "v0.3.4",
        "commit": "8f0d5303de5b93771e91f21f818be27358c2fb30"
      },
      "headly": {
        "git": "https://github.com/ayal/headly",
        "tag": "v0.0.3",
        "commit": "db311ffe2b071217030b81f6528d18eba3911b24"
      },
      "page-js": {
        "git": "https://github.com/tmeasday/meteor-page-js.git",
        "tag": "v1.3.1",
        "commit": "ee0b651869928abe50b5d06d7f32ccd2e657883a"
      },
      "deps-extensions": {
        "git": "https://github.com/tmeasday/meteor-deps-extensions.git",
        "tag": "v0.1.0",
        "commit": "110462c0ba33aaeb35e55069134287325cc453e5"
      }
    }
  }
}
